// !$*UTF8*$!
{
	archiveVersion = 1;
	classes = {
	};
	objectVersion = 56;
	objects = {

/* Begin PBXBuildFile section */
		A10000000000000000000001 /* TimebaseActivityApp.swift in Sources */ = {isa = PBXBuildFile; fileRef = A20000000000000000000001 /* TimebaseActivityApp.swift */; };
		A10000000000000000000002 /* ActivityMonitor.swift in Sources */ = {isa = PBXBuildFile; fileRef = A20000000000000000000002 /* ActivityMonitor.swift */; };
		A10000000000000000000003 /* ActivityDetailView.swift in Sources */ = {isa = PBXBuildFile; fileRef = A20000000000000000000003 /* ActivityDetailView.swift */; };
		A10000000000000000000004 /* MenuBarContentView.swift in Sources */ = {isa = PBXBuildFile; fileRef = A20000000000000000000004 /* MenuBarContentView.swift */; };
		A10000000000000000000005 /* ActivitySnapshot.swift in Sources */ = {isa = PBXBuildFile; fileRef = A20000000000000000000005 /* ActivitySnapshot.swift */; };
		A10000000000000000000006 /* AppleScriptBrowserReader.swift in Sources */ = {isa = PBXBuildFile; fileRef = A20000000000000000000006 /* AppleScriptBrowserReader.swift */; };
		A10000000000000000000007 /* FrontmostActivityReader.swift in Sources */ = {isa = PBXBuildFile; fileRef = A20000000000000000000007 /* FrontmostActivityReader.swift */; };
		A10000000000000000000008 /* ActivityStore.swift in Sources */ = {isa = PBXBuildFile; fileRef = A2000000000000000000000A /* ActivityStore.swift */; };
		A10000000000000000000009 /* TimebaseAPIClient.swift in Sources */ = {isa = PBXBuildFile; fileRef = A2000000000000000000000B /* TimebaseAPIClient.swift */; };
		A1000000000000000000000A /* ProjectPickerView.swift in Sources */ = {isa = PBXBuildFile; fileRef = A2000000000000000000000C /* ProjectPickerView.swift */; };
		A1000000000000000000000B /* PreparedEntry.swift in Sources */ = {isa = PBXBuildFile; fileRef = A2000000000000000000000D /* PreparedEntry.swift */; };
		A1000000000000000000000C /* EntryReviewView.swift in Sources */ = {isa = PBXBuildFile; fileRef = A2000000000000000000000E /* EntryReviewView.swift */; };
		A1000000000000000000000D /* BlacklistView.swift in Sources */ = {isa = PBXBuildFile; fileRef = A2000000000000000000000F /* BlacklistView.swift */; };
/* End PBXBuildFile section */

/* Begin PBXFileReference section */
		A20000000000000000000001 /* TimebaseActivityApp.swift */ = {isa = PBXFileReference; lastKnownFileType = sourcecode.swift; path = TimebaseActivityApp.swift; sourceTree = "<group>"; };
		A20000000000000000000002 /* ActivityMonitor.swift */ = {isa = PBXFileReference; lastKnownFileType = sourcecode.swift; path = ActivityMonitor.swift; sourceTree = "<group>"; };
		A20000000000000000000003 /* ActivityDetailView.swift */ = {isa = PBXFileReference; lastKnownFileType = sourcecode.swift; path = ActivityDetailView.swift; sourceTree = "<group>"; };
		A20000000000000000000004 /* MenuBarContentView.swift */ = {isa = PBXFileReference; lastKnownFileType = sourcecode.swift; path = MenuBarContentView.swift; sourceTree = "<group>"; };
		A20000000000000000000005 /* ActivitySnapshot.swift */ = {isa = PBXFileReference; lastKnownFileType = sourcecode.swift; name = ActivitySnapshot.swift; path = Sources/TimebaseActivityProbe/ActivitySnapshot.swift; sourceTree = SOURCE_ROOT; };
		A20000000000000000000006 /* AppleScriptBrowserReader.swift */ = {isa = PBXFileReference; lastKnownFileType = sourcecode.swift; name = AppleScriptBrowserReader.swift; path = Sources/TimebaseActivityProbe/AppleScriptBrowserReader.swift; sourceTree = SOURCE_ROOT; };
		A20000000000000000000007 /* FrontmostActivityReader.swift */ = {isa = PBXFileReference; lastKnownFileType = sourcecode.swift; name = FrontmostActivityReader.swift; path = Sources/TimebaseActivityProbe/FrontmostActivityReader.swift; sourceTree = SOURCE_ROOT; };
		A20000000000000000000008 /* Info.plist */ = {isa = PBXFileReference; lastKnownFileType = text.plist.xml; path = Info.plist; sourceTree = "<group>"; };
		A20000000000000000000009 /* TimebaseActivity.app */ = {isa = PBXFileReference; explicitFileType = wrapper.application; includeInIndex = 0; path = TimebaseActivity.app; sourceTree = BUILT_PRODUCTS_DIR; };
		A2000000000000000000000A /* ActivityStore.swift */ = {isa = PBXFileReference; lastKnownFileType = sourcecode.swift; path = ActivityStore.swift; sourceTree = "<group>"; };
		A2000000000000000000000B /* TimebaseAPIClient.swift */ = {isa = PBXFileReference; lastKnownFileType = sourcecode.swift; path = TimebaseAPIClient.swift; sourceTree = "<group>"; };
		A2000000000000000000000C /* ProjectPickerView.swift */ = {isa = PBXFileReference; lastKnownFileType = sourcecode.swift; path = ProjectPickerView.swift; sourceTree = "<group>"; };
		A2000000000000000000000D /* PreparedEntry.swift */ = {isa = PBXFileReference; lastKnownFileType = sourcecode.swift; path = PreparedEntry.swift; sourceTree = "<group>"; };
		A2000000000000000000000E /* EntryReviewView.swift */ = {isa = PBXFileReference; lastKnownFileType = sourcecode.swift; path = EntryReviewView.swift; sourceTree = "<group>"; };
		A2000000000000000000000F /* BlacklistView.swift */ = {isa = PBXFileReference; lastKnownFileType = sourcecode.swift; path = BlacklistView.swift; sourceTree = "<group>"; };
/* End PBXFileReference section */

/* Begin PBXFrameworksBuildPhase section */
		A30000000000000000000001 /* Frameworks */ = {
			isa = PBXFrameworksBuildPhase;
			buildActionMask = 2147483647;
			files = (
			);
			runOnlyForDeploymentPostprocessing = 0;
		};
/* End PBXFrameworksBuildPhase section */

/* Begin PBXGroup section */
		A40000000000000000000001 = {
			isa = PBXGroup;
			children = (
				A40000000000000000000002 /* TimebaseActivity */,
				A40000000000000000000003 /* Shared */,
				A40000000000000000000004 /* Products */,
			);
			sourceTree = "<group>";
		};
		A40000000000000000000002 /* TimebaseActivity */ = {
			isa = PBXGroup;
			children = (
				A20000000000000000000001 /* TimebaseActivityApp.swift */,
				A20000000000000000000002 /* ActivityMonitor.swift */,
				A20000000000000000000003 /* ActivityDetailView.swift */,
				A20000000000000000000004 /* MenuBarContentView.swift */,
				A2000000000000000000000A /* ActivityStore.swift */,
				A2000000000000000000000B /* TimebaseAPIClient.swift */,
				A2000000000000000000000C /* ProjectPickerView.swift */,
				A2000000000000000000000D /* PreparedEntry.swift */,
				A2000000000000000000000E /* EntryReviewView.swift */,
				A2000000000000000000000F /* BlacklistView.swift */,
				A20000000000000000000008 /* Info.plist */,
			);
			path = TimebaseActivity;
			sourceTree = "<group>";
		};
		A40000000000000000000003 /* Shared */ = {
			isa = PBXGroup;
			children = (
				A20000000000000000000005 /* ActivitySnapshot.swift */,
				A20000000000000000000006 /* AppleScriptBrowserReader.swift */,
				A20000000000000000000007 /* FrontmostActivityReader.swift */,
			);
			name = Shared;
			sourceTree = "<group>";
		};
		A40000000000000000000004 /* Products */ = {
			isa = PBXGroup;
			children = (
				A20000000000000000000009 /* TimebaseActivity.app */,
			);
			name = Products;
			sourceTree = "<group>";
		};
/* End PBXGroup section */

/* Begin PBXNativeTarget section */
		A50000000000000000000001 /* TimebaseActivity */ = {
			isa = PBXNativeTarget;
			buildConfigurationList = A90000000000000000000002 /* Build configuration list for PBXNativeTarget "TimebaseActivity" */;
			buildPhases = (
				A60000000000000000000001 /* Sources */,
				A30000000000000000000001 /* Frameworks */,
				A70000000000000000000001 /* Resources */,
			);
			buildRules = (
			);
			dependencies = (
			);
			name = TimebaseActivity;
			productName = TimebaseActivity;
			productReference = A20000000000000000000009 /* TimebaseActivity.app */;
			productType = "com.apple.product-type.application";
		};
/* End PBXNativeTarget section */

/* Begin PBXProject section */
		A80000000000000000000001 /* Project object */ = {
			isa = PBXProject;
			attributes = {
				BuildIndependentTargetsInParallel = 1;
				LastSwiftUpdateCheck = 2660;
				LastUpgradeCheck = 2660;
				TargetAttributes = {
					A50000000000000000000001 = {
						CreatedOnToolsVersion = 26.0;
					};
				};
			};
			buildConfigurationList = A90000000000000000000001 /* Build configuration list for PBXProject "TimebaseActivity" */;
			compatibilityVersion = "Xcode 14.0";
			developmentRegion = es;
			hasScannedForEncodings = 0;
			knownRegions = (
				es,
				Base,
			);
			mainGroup = A40000000000000000000001;
			productRefGroup = A40000000000000000000004 /* Products */;
			projectDirPath = "";
			projectRoot = "";
			targets = (
				A50000000000000000000001 /* TimebaseActivity */,
			);
		};
/* End PBXProject section */

/* Begin PBXResourcesBuildPhase section */
		A70000000000000000000001 /* Resources */ = {
			isa = PBXResourcesBuildPhase;
			buildActionMask = 2147483647;
			files = (
			);
			runOnlyForDeploymentPostprocessing = 0;
		};
/* End PBXResourcesBuildPhase section */

/* Begin PBXSourcesBuildPhase section */
		A60000000000000000000001 /* Sources */ = {
			isa = PBXSourcesBuildPhase;
			buildActionMask = 2147483647;
			files = (
				A10000000000000000000001 /* TimebaseActivityApp.swift in Sources */,
				A10000000000000000000002 /* ActivityMonitor.swift in Sources */,
				A10000000000000000000003 /* ActivityDetailView.swift in Sources */,
				A10000000000000000000004 /* MenuBarContentView.swift in Sources */,
				A10000000000000000000005 /* ActivitySnapshot.swift in Sources */,
				A10000000000000000000006 /* AppleScriptBrowserReader.swift in Sources */,
				A10000000000000000000007 /* FrontmostActivityReader.swift in Sources */,
				A10000000000000000000008 /* ActivityStore.swift in Sources */,
				A10000000000000000000009 /* TimebaseAPIClient.swift in Sources */,
				A1000000000000000000000A /* ProjectPickerView.swift in Sources */,
				A1000000000000000000000B /* PreparedEntry.swift in Sources */,
				A1000000000000000000000C /* EntryReviewView.swift in Sources */,
				A1000000000000000000000D /* BlacklistView.swift in Sources */,
			);
			runOnlyForDeploymentPostprocessing = 0;
		};
/* End PBXSourcesBuildPhase section */

/* Begin XCBuildConfiguration section */
		AA0000000000000000000001 /* Debug */ = {
			isa = XCBuildConfiguration;
			buildSettings = {
				ALWAYS_SEARCH_USER_PATHS = NO;
				CLANG_ENABLE_MODULES = YES;
				COPY_PHASE_STRIP = NO;
				DEBUG_INFORMATION_FORMAT = dwarf;
				ENABLE_TESTABILITY = YES;
				GCC_C_LANGUAGE_STANDARD = gnu17;
				MACOSX_DEPLOYMENT_TARGET = 26.0;
				ONLY_ACTIVE_ARCH = YES;
				SDKROOT = macosx;
				SWIFT_ACTIVE_COMPILATION_CONDITIONS = DEBUG;
				SWIFT_OPTIMIZATION_LEVEL = "-Onone";
			};
			name = Debug;
		};
		AA0000000000000000000002 /* Release */ = {
			isa = XCBuildConfiguration;
			buildSettings = {
				ALWAYS_SEARCH_USER_PATHS = NO;
				CLANG_ENABLE_MODULES = YES;
				COPY_PHASE_STRIP = YES;
				DEBUG_INFORMATION_FORMAT = "dwarf-with-dsym";
				GCC_C_LANGUAGE_STANDARD = gnu17;
				MACOSX_DEPLOYMENT_TARGET = 26.0;
				SDKROOT = macosx;
				SWIFT_COMPILATION_MODE = wholemodule;
				SWIFT_OPTIMIZATION_LEVEL = "-O";
			};
			name = Release;
		};
		AA0000000000000000000003 /* Debug */ = {
			isa = XCBuildConfiguration;
			buildSettings = {
				CODE_SIGN_STYLE = Automatic;
				COMBINE_HIDPI_IMAGES = YES;
				CURRENT_PROJECT_VERSION = 1;
				DEVELOPMENT_TEAM = H5DQ29XHWV;
				ENABLE_APP_SANDBOX = NO;
				GENERATE_INFOPLIST_FILE = NO;
				INFOPLIST_FILE = TimebaseActivity/Info.plist;
				MARKETING_VERSION = 0.1.0;
				PRODUCT_BUNDLE_IDENTIFIER = online.22mw.timebase.activity;
				PRODUCT_NAME = "$(TARGET_NAME)";
				SWIFT_EMIT_LOC_STRINGS = YES;
				SWIFT_VERSION = 6.0;
			};
			name = Debug;
		};
		AA0000000000000000000004 /* Release */ = {
			isa = XCBuildConfiguration;
			buildSettings = {
				CODE_SIGN_STYLE = Automatic;
				COMBINE_HIDPI_IMAGES = YES;
				CURRENT_PROJECT_VERSION = 1;
				DEVELOPMENT_TEAM = H5DQ29XHWV;
				ENABLE_APP_SANDBOX = NO;
				GENERATE_INFOPLIST_FILE = NO;
				INFOPLIST_FILE = TimebaseActivity/Info.plist;
				MARKETING_VERSION = 0.1.0;
				PRODUCT_BUNDLE_IDENTIFIER = online.22mw.timebase.activity;
				PRODUCT_NAME = "$(TARGET_NAME)";
				SWIFT_EMIT_LOC_STRINGS = YES;
				SWIFT_VERSION = 6.0;
			};
			name = Release;
		};
/* End XCBuildConfiguration section */

/* Begin XCConfigurationList section */
		A90000000000000000000001 /* Build configuration list for PBXProject "TimebaseActivity" */ = {
			isa = XCConfigurationList;
			buildConfigurations = (
				AA0000000000000000000001 /* Debug */,
				AA0000000000000000000002 /* Release */,
			);
			defaultConfigurationIsVisible = 0;
			defaultConfigurationName = Release;
		};
		A90000000000000000000002 /* Build configuration list for PBXNativeTarget "TimebaseActivity" */ = {
			isa = XCConfigurationList;
			buildConfigurations = (
				AA0000000000000000000003 /* Debug */,
				AA0000000000000000000004 /* Release */,
			);
			defaultConfigurationIsVisible = 0;
			defaultConfigurationName = Release;
		};
/* End XCConfigurationList section */
	};
	rootObject = A80000000000000000000001 /* Project object */;
}
